
Microsoft Visual Studio Solution File, Format Version 12.00
# Visual Studio Version 16
VisualStudioVersion = 16.0.30804.86
MinimumVisualStudioVersion = 10.0.40219.1
Project("{FAE04EC0-301F-11D3-BF4B-00C04F79EFBC}") = "RWS.CloudDesktop.Wbst", "RWS.CloudDesktop.Wbst\RWS.CloudDesktop.Wbst.csproj", "{B3B2F586-78B2-45BB-AD81-E1EA5072070F}"
EndProject
Global
	GlobalSection(SolutionConfigurationPlatforms) = preSolution
		Debug|Any CPU = Debug|Any CPU
		Release|Any CPU = Release|Any CPU
	EndGlobalSection
	GlobalSection(ProjectConfigurationPlatforms) = postSolution
		{B3B2F586-78B2-45BB-AD81-E1EA5072070F}.Debug|Any CPU.ActiveCfg = Debug|Any CPU
		{B3B2F586-78B2-45BB-AD81-E1EA5072070F}.Debug|Any CPU.Build.0 = Debug|Any CPU
		{B3B2F586-78B2-45BB-AD81-E1EA5072070F}.Release|Any CPU.ActiveCfg = Release|Any CPU
		{B3B2F586-78B2-45BB-AD81-E1EA5072070F}.Release|Any CPU.Build.0 = Release|Any CPU
	EndGlobalSection
	GlobalSection(SolutionProperties) = preSolution
		HideSolutionNode = FALSE
	EndGlobalSection
	GlobalSection(ExtensibilityGlobals) = postSolution
		SolutionGuid = {963CF2D3-E045-462B-8B25-C1FE8F1434DA}
	EndGlobalSection
EndGlobal
